# This file is automatically @generated by Cargo.
# It is not intended for manual editing.
version = 4

[[package]]
name = "char-classes"
version = "0.3.4"
source = "registry+https://github.com/rust-lang/crates.io-index"
checksum = "8969f0fb9e53f297c70de4328944314e551c8bb3a60d41d4ea30493c74883e5f"
dependencies = [
 "char-classes-proc_macro",
]

[[package]]
name = "char-classes-proc_macro"
version = "0.2.4"
source = "registry+https://github.com/rust-lang/crates.io-index"
checksum = "7b4cd9d1c1b62db8110f659090a28e21ce97475b5153c91d5b1f5a009e37e57a"
dependencies = [
 "litrs",
]

[[package]]
name = "dissimilar"
version = "1.0.10"
source = "registry+https://github.com/rust-lang/crates.io-index"
checksum = "8975ffdaa0ef3661bfe02dbdcc06c9f829dfafe6a3c474de366a8d5e44276921"

[[package]]
name = "expect-test"
version = "1.5.1"
source = "registry+https://github.com/rust-lang/crates.io-index"
checksum = "63af43ff4431e848fb47472a920f14fa71c24de13255a5692e93d4e90302acb0"
dependencies = [
 "dissimilar",
 "once_cell",
]

[[package]]
name = "line-column"
version = "0.2.0"
source = "registry+https://github.com/rust-lang/crates.io-index"
checksum = "efc987c051e0d6842abc34156e8a79ee04a5c1a1d346c7176cad03e69a0304f2"

[[package]]
name = "litrs"
version = "0.5.1"
source = "registry+https://github.com/rust-lang/crates.io-index"
checksum = "1e4cf394bcd88ba72eb3b2862e21ef6458b0e1586654e213b0176e667bb9d19e"

[[package]]
name = "once_cell"
version = "1.21.3"
source = "registry+https://github.com/rust-lang/crates.io-index"
checksum = "42f5e15c9953c5e4ccceeb2e7382a716482c34515315f7b03532b8b4e8393d2d"

[[package]]
name = "run-str-demo"
version = "0.1.0"
dependencies = [
 "char-classes",
 "expect-test",
 "line-column",
]
